// !$*UTF8*$!
{
	archiveVersion = 1;
	classes = {
	};
	objectVersion = 55;
	objects = {

/* Begin PBXBuildFile section */
		681619CF2883101200E8CEF6 /* AudioToolbox.framework in Frameworks */ = {isa = PBXBuildFile; fileRef = 681619CE2883101200E8CEF6 /* AudioToolbox.framework */; };
		681619D228835A9B00E8CEF6 /* GameStateMachineImplementation.swift in Sources */ = {isa = PBXBuildFile; fileRef = 681619D128835A9B00E8CEF6 /* GameStateMachineImplementation.swift */; };
		684CB130289DE4A30016416D /* Game.swift in Sources */ = {isa = PBXBuildFile; fileRef = 684CB12F289DE4A30016416D /* Game.swift */; };
		68A1C0572895C95A00444549 /* dungeon_backgraound.mp3 in Resources */ = {isa = PBXBuildFile; fileRef = 68A1C0562895C95A00444549 /* dungeon_backgraound.mp3 */; };
		68A1C0592895C9BC00444549 /* GameAudioPlayer.swift in Sources */ = {isa = PBXBuildFile; fileRef = 68A1C0582895C9BC00444549 /* GameAudioPlayer.swift */; };
		68A1C05B2895F7D000444549 /* dungeon_door_open.wav in Resources */ = {isa = PBXBuildFile; fileRef = 68A1C05A2895F7D000444549 /* dungeon_door_open.wav */; };
		68A1C05D2895FC8C00444549 /* dungeon_door_open_short.wav in Resources */ = {isa = PBXBuildFile; fileRef = 68A1C05C2895FC8C00444549 /* dungeon_door_open_short.wav */; };
		68A25B7F2882FBC200884BB1 /* QuestGraphFixtures.swift in Sources */ = {isa = PBXBuildFile; fileRef = 68A25B7E2882FBC200884BB1 /* QuestGraphFixtures.swift */; };
		68A25B842882FBEA00884BB1 /* GameStateMachine.swift in Sources */ = {isa = PBXBuildFile; fileRef = 68A25B812882FBEA00884BB1 /* GameStateMachine.swift */; };
		68A25B852882FBEA00884BB1 /* GameState.swift in Sources */ = {isa = PBXBuildFile; fileRef = 68A25B822882FBEA00884BB1 /* GameState.swift */; };
		68A25B862882FBEA00884BB1 /* MediaAction.swift in Sources */ = {isa = PBXBuildFile; fileRef = 68A25B832882FBEA00884BB1 /* MediaAction.swift */; };
		68A25B8F2882FBF300884BB1 /* QuestGraphNodeSG.swift in Sources */ = {isa = PBXBuildFile; fileRef = 68A25B892882FBF300884BB1 /* QuestGraphNodeSG.swift */; };
		68A25B902882FBF300884BB1 /* QuestGraphSG.swift in Sources */ = {isa = PBXBuildFile; fileRef = 68A25B8A2882FBF300884BB1 /* QuestGraphSG.swift */; };
		68A25B912882FBF300884BB1 /* QuestGraphActionEdgeSG.swift in Sources */ = {isa = PBXBuildFile; fileRef = 68A25B8B2882FBF300884BB1 /* QuestGraphActionEdgeSG.swift */; };
		68A25B922882FBF300884BB1 /* QuestGraphNode.swift in Sources */ = {isa = PBXBuildFile; fileRef = 68A25B8C2882FBF300884BB1 /* QuestGraphNode.swift */; };
		68A25B932882FBF300884BB1 /* QuestGraph.swift in Sources */ = {isa = PBXBuildFile; fileRef = 68A25B8D2882FBF300884BB1 /* QuestGraph.swift */; };
		68A25B942882FBF300884BB1 /* QuestGraphActionEdge.swift in Sources */ = {isa = PBXBuildFile; fileRef = 68A25B8E2882FBF300884BB1 /* QuestGraphActionEdge.swift */; };
		68A25B972882FC8300884BB1 /* SwiftGraph in Frameworks */ = {isa = PBXBuildFile; productRef = 68A25B962882FC8300884BB1 /* SwiftGraph */; };
		68A25B9A2883038100884BB1 /* SpeechSynthesizer.swift in Sources */ = {isa = PBXBuildFile; fileRef = 68A25B992883038100884BB1 /* SpeechSynthesizer.swift */; };
		68A25B9C288303B300884BB1 /* MediaButtonsRegistrator.swift in Sources */ = {isa = PBXBuildFile; fileRef = 68A25B9B288303B300884BB1 /* MediaButtonsRegistrator.swift */; };
		68C757A62829B85000B76F9E /* HeadQuestApp.swift in Sources */ = {isa = PBXBuildFile; fileRef = 68C757A52829B85000B76F9E /* HeadQuestApp.swift */; };
		68C757A82829B85000B76F9E /* DemoView.swift in Sources */ = {isa = PBXBuildFile; fileRef = 68C757A72829B85000B76F9E /* DemoView.swift */; };
		68C757AA2829B85200B76F9E /* Assets.xcassets in Resources */ = {isa = PBXBuildFile; fileRef = 68C757A92829B85200B76F9E /* Assets.xcassets */; };
		68C757AD2829B85200B76F9E /* Preview Assets.xcassets in Resources */ = {isa = PBXBuildFile; fileRef = 68C757AC2829B85200B76F9E /* Preview Assets.xcassets */; };
		68C757B72829B85300B76F9E /* HeadQuestTests.swift in Sources */ = {isa = PBXBuildFile; fileRef = 68C757B62829B85300B76F9E /* HeadQuestTests.swift */; };
		68C757C12829B85300B76F9E /* HeadQuestUITests.swift in Sources */ = {isa = PBXBuildFile; fileRef = 68C757C02829B85300B76F9E /* HeadQuestUITests.swift */; };
		68C757C32829B85300B76F9E /* HeadQuestUITestsLaunchTests.swift in Sources */ = {isa = PBXBuildFile; fileRef = 68C757C22829B85300B76F9E /* HeadQuestUITestsLaunchTests.swift */; };
/* End PBXBuildFile section */

/* Begin PBXContainerItemProxy section */
		68C757B32829B85300B76F9E /* PBXContainerItemProxy */ = {
			isa = PBXContainerItemProxy;
			containerPortal = 68C7579A2829B85000B76F9E /* Project object */;
			proxyType = 1;
			remoteGlobalIDString = 68C757A12829B85000B76F9E;
			remoteInfo = HeadQuest;
		};
		68C757BD2829B85300B76F9E /* PBXContainerItemProxy */ = {
			isa = PBXContainerItemProxy;
			containerPortal = 68C7579A2829B85000B76F9E /* Project object */;
			proxyType = 1;
			remoteGlobalIDString = 68C757A12829B85000B76F9E;
			remoteInfo = HeadQuest;
		};
/* End PBXContainerItemProxy section */

/* Begin PBXFileReference section */
		681619CC2883101200E8CEF6 /* HeadQuest.entitlements */ = {isa = PBXFileReference; lastKnownFileType = text.plist.entitlements; path = HeadQuest.entitlements; sourceTree = "<group>"; };
		681619CE2883101200E8CEF6 /* AudioToolbox.framework */ = {isa = PBXFileReference; lastKnownFileType = wrapper.framework; name = AudioToolbox.framework; path = System/Library/Frameworks/AudioToolbox.framework; sourceTree = SDKROOT; };
		681619D02883516500E8CEF6 /* Info.plist */ = {isa = PBXFileReference; lastKnownFileType = text.plist; path = Info.plist; sourceTree = "<group>"; };
		681619D128835A9B00E8CEF6 /* GameStateMachineImplementation.swift */ = {isa = PBXFileReference; lastKnownFileType = sourcecode.swift; path = GameStateMachineImplementation.swift; sourceTree = "<group>"; };
		684CB12F289DE4A30016416D /* Game.swift */ = {isa = PBXFileReference; lastKnownFileType = sourcecode.swift; path = Game.swift; sourceTree = "<group>"; };
		6897A180289DD89A00D7737B /* testing.playground */ = {isa = PBXFileReference; lastKnownFileType = file.playground; path = testing.playground; sourceTree = "<group>"; xcLanguageSpecificationIdentifier = xcode.lang.swift; };
		68A1C0562895C95A00444549 /* dungeon_backgraound.mp3 */ = {isa = PBXFileReference; lastKnownFileType = audio.mp3; path = dungeon_backgraound.mp3; sourceTree = "<group>"; };
		68A1C0582895C9BC00444549 /* GameAudioPlayer.swift */ = {isa = PBXFileReference; lastKnownFileType = sourcecode.swift; path = GameAudioPlayer.swift; sourceTree = "<group>"; };
		68A1C05A2895F7D000444549 /* dungeon_door_open.wav */ = {isa = PBXFileReference; lastKnownFileType = audio.wav; path = dungeon_door_open.wav; sourceTree = "<group>"; };
		68A1C05C2895FC8C00444549 /* dungeon_door_open_short.wav */ = {isa = PBXFileReference; lastKnownFileType = audio.wav; path = dungeon_door_open_short.wav; sourceTree = "<group>"; };
		68A25B7E2882FBC200884BB1 /* QuestGraphFixtures.swift */ = {isa = PBXFileReference; fileEncoding = 4; lastKnownFileType = sourcecode.swift; path = QuestGraphFixtures.swift; sourceTree = "<group>"; };
		68A25B812882FBEA00884BB1 /* GameStateMachine.swift */ = {isa = PBXFileReference; fileEncoding = 4; lastKnownFileType = sourcecode.swift; path = GameStateMachine.swift; sourceTree = "<group>"; };
		68A25B822882FBEA00884BB1 /* GameState.swift */ = {isa = PBXFileReference; fileEncoding = 4; lastKnownFileType = sourcecode.swift; path = GameState.swift; sourceTree = "<group>"; };
		68A25B832882FBEA00884BB1 /* MediaAction.swift */ = {isa = PBXFileReference; fileEncoding = 4; lastKnownFileType = sourcecode.swift; path = MediaAction.swift; sourceTree = "<group>"; };
		68A25B892882FBF300884BB1 /* QuestGraphNodeSG.swift */ = {isa = PBXFileReference; fileEncoding = 4; lastKnownFileType = sourcecode.swift; path = QuestGraphNodeSG.swift; sourceTree = "<group>"; };
		68A25B8A2882FBF300884BB1 /* QuestGraphSG.swift */ = {isa = PBXFileReference; fileEncoding = 4; lastKnownFileType = sourcecode.swift; path = QuestGraphSG.swift; sourceTree = "<group>"; };
		68A25B8B2882FBF300884BB1 /* QuestGraphActionEdgeSG.swift */ = {isa = PBXFileReference; fileEncoding = 4; lastKnownFileType = sourcecode.swift; path = QuestGraphActionEdgeSG.swift; sourceTree = "<group>"; };
		68A25B8C2882FBF300884BB1 /* QuestGraphNode.swift */ = {isa = PBXFileReference; fileEncoding = 4; lastKnownFileType = sourcecode.swift; path = QuestGraphNode.swift; sourceTree = "<group>"; };
		68A25B8D2882FBF300884BB1 /* QuestGraph.swift */ = {isa = PBXFileReference; fileEncoding = 4; lastKnownFileType = sourcecode.swift; path = QuestGraph.swift; sourceTree = "<group>"; };
		68A25B8E2882FBF300884BB1 /* QuestGraphActionEdge.swift */ = {isa = PBXFileReference; fileEncoding = 4; lastKnownFileType = sourcecode.swift; path = QuestGraphActionEdge.swift; sourceTree = "<group>"; };
		68A25B992883038100884BB1 /* SpeechSynthesizer.swift */ = {isa = PBXFileReference; fileEncoding = 4; lastKnownFileType = sourcecode.swift; path = SpeechSynthesizer.swift; sourceTree = "<group>"; };
		68A25B9B288303B300884BB1 /* MediaButtonsRegistrator.swift */ = {isa = PBXFileReference; lastKnownFileType = sourcecode.swift; path = MediaButtonsRegistrator.swift; sourceTree = "<group>"; };
		68C757A22829B85000B76F9E /* HeadQuest.app */ = {isa = PBXFileReference; explicitFileType = wrapper.application; includeInIndex = 0; path = HeadQuest.app; sourceTree = BUILT_PRODUCTS_DIR; };
		68C757A52829B85000B76F9E /* HeadQuestApp.swift */ = {isa = PBXFileReference; lastKnownFileType = sourcecode.swift; path = HeadQuestApp.swift; sourceTree = "<group>"; };
		68C757A72829B85000B76F9E /* DemoView.swift */ = {isa = PBXFileReference; lastKnownFileType = sourcecode.swift; path = DemoView.swift; sourceTree = "<group>"; };
		68C757A92829B85200B76F9E /* Assets.xcassets */ = {isa = PBXFileReference; lastKnownFileType = folder.assetcatalog; path = Assets.xcassets; sourceTree = "<group>"; };
		68C757AC2829B85200B76F9E /* Preview Assets.xcassets */ = {isa = PBXFileReference; lastKnownFileType = folder.assetcatalog; path = "Preview Assets.xcassets"; sourceTree = "<group>"; };
		68C757B22829B85300B76F9E /* HeadQuestTests.xctest */ = {isa = PBXFileReference; explicitFileType = wrapper.cfbundle; includeInIndex = 0; path = HeadQuestTests.xctest; sourceTree = BUILT_PRODUCTS_DIR; };
		68C757B62829B85300B76F9E /* HeadQuestTests.swift */ = {isa = PBXFileReference; lastKnownFileType = sourcecode.swift; path = HeadQuestTests.swift; sourceTree = "<group>"; };
		68C757BC2829B85300B76F9E /* HeadQuestUITests.xctest */ = {isa = PBXFileReference; explicitFileType = wrapper.cfbundle; includeInIndex = 0; path = HeadQuestUITests.xctest; sourceTree = BUILT_PRODUCTS_DIR; };
		68C757C02829B85300B76F9E /* HeadQuestUITests.swift */ = {isa = PBXFileReference; lastKnownFileType = sourcecode.swift; path = HeadQuestUITests.swift; sourceTree = "<group>"; };
		68C757C22829B85300B76F9E /* HeadQuestUITestsLaunchTests.swift */ = {isa = PBXFileReference; lastKnownFileType = sourcecode.swift; path = HeadQuestUITestsLaunchTests.swift; sourceTree = "<group>"; };
/* End PBXFileReference section */

/* Begin PBXFrameworksBuildPhase section */
		68C7579F2829B85000B76F9E /* Frameworks */ = {
			isa = PBXFrameworksBuildPhase;
			buildActionMask = 2147483647;
			files = (
				68A25B972882FC8300884BB1 /* SwiftGraph in Frameworks */,
				681619CF2883101200E8CEF6 /* AudioToolbox.framework in Frameworks */,
			);
			runOnlyForDeploymentPostprocessing = 0;
		};
		68C757AF2829B85300B76F9E /* Frameworks */ = {
			isa = PBXFrameworksBuildPhase;
			buildActionMask = 2147483647;
			files = (
			);
			runOnlyForDeploymentPostprocessing = 0;
		};
		68C757B92829B85300B76F9E /* Frameworks */ = {
			isa = PBXFrameworksBuildPhase;
			buildActionMask = 2147483647;
			files = (
			);
			runOnlyForDeploymentPostprocessing = 0;
		};
/* End PBXFrameworksBuildPhase section */

/* Begin PBXGroup section */
		681619CD2883101200E8CEF6 /* Frameworks */ = {
			isa = PBXGroup;
			children = (
				681619CE2883101200E8CEF6 /* AudioToolbox.framework */,
			);
			name = Frameworks;
			sourceTree = "<group>";
		};
		68A1C0552895C95A00444549 /* audio */ = {
			isa = PBXGroup;
			children = (
				68A1C05C2895FC8C00444549 /* dungeon_door_open_short.wav */,
				68A1C05A2895F7D000444549 /* dungeon_door_open.wav */,
				68A1C0562895C95A00444549 /* dungeon_backgraound.mp3 */,
			);
			path = audio;
			sourceTree = "<group>";
		};
		68A25B7D2882FBC200884BB1 /* Fixtures */ = {
			isa = PBXGroup;
			children = (
				68A25B7E2882FBC200884BB1 /* QuestGraphFixtures.swift */,
			);
			path = Fixtures;
			sourceTree = "<group>";
		};
		68A25B802882FBEA00884BB1 /* GameStateMachine */ = {
			isa = PBXGroup;
			children = (
				68A25B812882FBEA00884BB1 /* GameStateMachine.swift */,
				68A25B822882FBEA00884BB1 /* GameState.swift */,
				68A25B832882FBEA00884BB1 /* MediaAction.swift */,
			);
			path = GameStateMachine;
			sourceTree = "<group>";
		};
		68A25B872882FBF300884BB1 /* QuestGraph */ = {
			isa = PBXGroup;
			children = (
				68A25B882882FBF300884BB1 /* SwiftGraphImplementation */,
				68A25B8C2882FBF300884BB1 /* QuestGraphNode.swift */,
				68A25B8D2882FBF300884BB1 /* QuestGraph.swift */,
				68A25B8E2882FBF300884BB1 /* QuestGraphActionEdge.swift */,
			);
			name = QuestGraph;
			path = HeadQuest/QuestGraph;
			sourceTree = SOURCE_ROOT;
		};
		68A25B882882FBF300884BB1 /* SwiftGraphImplementation */ = {
			isa = PBXGroup;
			children = (
				68A25B892882FBF300884BB1 /* QuestGraphNodeSG.swift */,
				68A25B8A2882FBF300884BB1 /* QuestGraphSG.swift */,
				68A25B8B2882FBF300884BB1 /* QuestGraphActionEdgeSG.swift */,
			);
			path = SwiftGraphImplementation;
			sourceTree = "<group>";
		};
		68A25B982883038100884BB1 /* utils */ = {
			isa = PBXGroup;
			children = (
				68A25B992883038100884BB1 /* SpeechSynthesizer.swift */,
				68A25B9B288303B300884BB1 /* MediaButtonsRegistrator.swift */,
				68A1C0582895C9BC00444549 /* GameAudioPlayer.swift */,
			);
			path = utils;
			sourceTree = "<group>";
		};
		68C757992829B85000B76F9E = {
			isa = PBXGroup;
			children = (
				68C757A42829B85000B76F9E /* HeadQuest */,
				68C757B52829B85300B76F9E /* HeadQuestTests */,
				68C757BF2829B85300B76F9E /* HeadQuestUITests */,
				68C757A32829B85000B76F9E /* Products */,
				681619CD2883101200E8CEF6 /* Frameworks */,
			);
			sourceTree = "<group>";
		};
		68C757A32829B85000B76F9E /* Products */ = {
			isa = PBXGroup;
			children = (
				68C757A22829B85000B76F9E /* HeadQuest.app */,
				68C757B22829B85300B76F9E /* HeadQuestTests.xctest */,
				68C757BC2829B85300B76F9E /* HeadQuestUITests.xctest */,
			);
			name = Products;
			sourceTree = "<group>";
		};
		68C757A42829B85000B76F9E /* HeadQuest */ = {
			isa = PBXGroup;
			children = (
				68A1C0552895C95A00444549 /* audio */,
				681619D02883516500E8CEF6 /* Info.plist */,
				681619CC2883101200E8CEF6 /* HeadQuest.entitlements */,
				68A25B982883038100884BB1 /* utils */,
				68A25B872882FBF300884BB1 /* QuestGraph */,
				68A25B802882FBEA00884BB1 /* GameStateMachine */,
				68A25B7D2882FBC200884BB1 /* Fixtures */,
				68C757A52829B85000B76F9E /* HeadQuestApp.swift */,
				68C757A72829B85000B76F9E /* DemoView.swift */,
				68C757A92829B85200B76F9E /* Assets.xcassets */,
				68C757AB2829B85200B76F9E /* Preview Content */,
				681619D128835A9B00E8CEF6 /* GameStateMachineImplementation.swift */,
				6897A180289DD89A00D7737B /* testing.playground */,
				684CB12F289DE4A30016416D /* Game.swift */,
			);
			path = HeadQuest;
			sourceTree = "<group>";
		};
		68C757AB2829B85200B76F9E /* Preview Content */ = {
			isa = PBXGroup;
			children = (
				68C757AC2829B85200B76F9E /* Preview Assets.xcassets */,
			);
			path = "Preview Content";
			sourceTree = "<group>";
		};
		68C757B52829B85300B76F9E /* HeadQuestTests */ = {
			isa = PBXGroup;
			children = (
				68C757B62829B85300B76F9E /* HeadQuestTests.swift */,
			);
			path = HeadQuestTests;
			sourceTree = "<group>";
		};
		68C757BF2829B85300B76F9E /* HeadQuestUITests */ = {
			isa = PBXGroup;
			children = (
				68C757C02829B85300B76F9E /* HeadQuestUITests.swift */,
				68C757C22829B85300B76F9E /* HeadQuestUITestsLaunchTests.swift */,
			);
			path = HeadQuestUITests;
			sourceTree = "<group>";
		};
/* End PBXGroup section */

/* Begin PBXNativeTarget section */
		68C757A12829B85000B76F9E /* HeadQuest */ = {
			isa = PBXNativeTarget;
			buildConfigurationList = 68C757C62829B85300B76F9E /* Build configuration list for PBXNativeTarget "HeadQuest" */;
			buildPhases = (
				68C7579E2829B85000B76F9E /* Sources */,
				68C7579F2829B85000B76F9E /* Frameworks */,
				68C757A02829B85000B76F9E /* Resources */,
			);
			buildRules = (
			);
			dependencies = (
			);
			name = HeadQuest;
			packageProductDependencies = (
				68A25B962882FC8300884BB1 /* SwiftGraph */,
			);
			productName = HeadQuest;
			productReference = 68C757A22829B85000B76F9E /* HeadQuest.app */;
			productType = "com.apple.product-type.application";
		};
		68C757B12829B85300B76F9E /* HeadQuestTests */ = {
			isa = PBXNativeTarget;
			buildConfigurationList = 68C757C92829B85300B76F9E /* Build configuration list for PBXNativeTarget "HeadQuestTests" */;
			buildPhases = (
				68C757AE2829B85300B76F9E /* Sources */,
				68C757AF2829B85300B76F9E /* Frameworks */,
				68C757B02829B85300B76F9E /* Resources */,
			);
			buildRules = (
			);
			dependencies = (
				68C757B42829B85300B76F9E /* PBXTargetDependency */,
			);
			name = HeadQuestTests;
			productName = HeadQuestTests;
			productReference = 68C757B22829B85300B76F9E /* HeadQuestTests.xctest */;
			productType = "com.apple.product-type.bundle.unit-test";
		};
		68C757BB2829B85300B76F9E /* HeadQuestUITests */ = {
			isa = PBXNativeTarget;
			buildConfigurationList = 68C757CC2829B85300B76F9E /* Build configuration list for PBXNativeTarget "HeadQuestUITests" */;
			buildPhases = (
				68C757B82829B85300B76F9E /* Sources */,
				68C757B92829B85300B76F9E /* Frameworks */,
				68C757BA2829B85300B76F9E /* Resources */,
			);
			buildRules = (
			);
			dependencies = (
				68C757BE2829B85300B76F9E /* PBXTargetDependency */,
			);
			name = HeadQuestUITests;
			productName = HeadQuestUITests;
			productReference = 68C757BC2829B85300B76F9E /* HeadQuestUITests.xctest */;
			productType = "com.apple.product-type.bundle.ui-testing";
		};
/* End PBXNativeTarget section */

/* Begin PBXProject section */
		68C7579A2829B85000B76F9E /* Project object */ = {
			isa = PBXProject;
			attributes = {
				BuildIndependentTargetsInParallel = 1;
				LastSwiftUpdateCheck = 1330;
				LastUpgradeCheck = 1330;
				TargetAttributes = {
					68C757A12829B85000B76F9E = {
						CreatedOnToolsVersion = 13.3.1;
					};
					68C757B12829B85300B76F9E = {
						CreatedOnToolsVersion = 13.3.1;
						TestTargetID = 68C757A12829B85000B76F9E;
					};
					68C757BB2829B85300B76F9E = {
						CreatedOnToolsVersion = 13.3.1;
						TestTargetID = 68C757A12829B85000B76F9E;
					};
				};
			};
			buildConfigurationList = 68C7579D2829B85000B76F9E /* Build configuration list for PBXProject "HeadQuest" */;
			compatibilityVersion = "Xcode 13.0";
			developmentRegion = en;
			hasScannedForEncodings = 0;
			knownRegions = (
				en,
				Base,
			);
			mainGroup = 68C757992829B85000B76F9E;
			packageReferences = (
				68A25B952882FC8300884BB1 /* XCRemoteSwiftPackageReference "SwiftGraph" */,
			);
			productRefGroup = 68C757A32829B85000B76F9E /* Products */;
			projectDirPath = "";
			projectRoot = "";
			targets = (
				68C757A12829B85000B76F9E /* HeadQuest */,
				68C757B12829B85300B76F9E /* HeadQuestTests */,
				68C757BB2829B85300B76F9E /* HeadQuestUITests */,
			);
		};
/* End PBXProject section */

/* Begin PBXResourcesBuildPhase section */
		68C757A02829B85000B76F9E /* Resources */ = {
			isa = PBXResourcesBuildPhase;
			buildActionMask = 2147483647;
			files = (
				68C757AD2829B85200B76F9E /* Preview Assets.xcassets in Resources */,
				68A1C05B2895F7D000444549 /* dungeon_door_open.wav in Resources */,
				68C757AA2829B85200B76F9E /* Assets.xcassets in Resources */,
				68A1C0572895C95A00444549 /* dungeon_backgraound.mp3 in Resources */,
				68A1C05D2895FC8C00444549 /* dungeon_door_open_short.wav in Resources */,
			);
			runOnlyForDeploymentPostprocessing = 0;
		};
		68C757B02829B85300B76F9E /* Resources */ = {
			isa = PBXResourcesBuildPhase;
			buildActionMask = 2147483647;
			files = (
			);
			runOnlyForDeploymentPostprocessing = 0;
		};
		68C757BA2829B85300B76F9E /* Resources */ = {
			isa = PBXResourcesBuildPhase;
			buildActionMask = 2147483647;
			files = (
			);
			runOnlyForDeploymentPostprocessing = 0;
		};
/* End PBXResourcesBuildPhase section */

/* Begin PBXSourcesBuildPhase section */
		68C7579E2829B85000B76F9E /* Sources */ = {
			isa = PBXSourcesBuildPhase;
			buildActionMask = 2147483647;
			files = (
				68A25B912882FBF300884BB1 /* QuestGraphActionEdgeSG.swift in Sources */,
				681619D228835A9B00E8CEF6 /* GameStateMachineImplementation.swift in Sources */,
				68A25B9A2883038100884BB1 /* SpeechSynthesizer.swift in Sources */,
				68A25B862882FBEA00884BB1 /* MediaAction.swift in Sources */,
				68C757A82829B85000B76F9E /* DemoView.swift in Sources */,
				68A25B922882FBF300884BB1 /* QuestGraphNode.swift in Sources */,
				68A25B9C288303B300884BB1 /* MediaButtonsRegistrator.swift in Sources */,
				68A25B842882FBEA00884BB1 /* GameStateMachine.swift in Sources */,
				68A25B902882FBF300884BB1 /* QuestGraphSG.swift in Sources */,
				68A1C0592895C9BC00444549 /* GameAudioPlayer.swift in Sources */,
				68A25B7F2882FBC200884BB1 /* QuestGraphFixtures.swift in Sources */,
				68A25B932882FBF300884BB1 /* QuestGraph.swift in Sources */,
				68A25B942882FBF300884BB1 /* QuestGraphActionEdge.swift in Sources */,
				684CB130289DE4A30016416D /* Game.swift in Sources */,
				68A25B852882FBEA00884BB1 /* GameState.swift in Sources */,
				68A25B8F2882FBF300884BB1 /* QuestGraphNodeSG.swift in Sources */,
				68C757A62829B85000B76F9E /* HeadQuestApp.swift in Sources */,
			);
			runOnlyForDeploymentPostprocessing = 0;
		};
		68C757AE2829B85300B76F9E /* Sources */ = {
			isa = PBXSourcesBuildPhase;
			buildActionMask = 2147483647;
			files = (
				68C757B72829B85300B76F9E /* HeadQuestTests.swift in Sources */,
			);
			runOnlyForDeploymentPostprocessing = 0;
		};
		68C757B82829B85300B76F9E /* Sources */ = {
			isa = PBXSourcesBuildPhase;
			buildActionMask = 2147483647;
			files = (
				68C757C12829B85300B76F9E /* HeadQuestUITests.swift in Sources */,
				68C757C32829B85300B76F9E /* HeadQuestUITestsLaunchTests.swift in Sources */,
			);
			runOnlyForDeploymentPostprocessing = 0;
		};
/* End PBXSourcesBuildPhase section */

/* Begin PBXTargetDependency section */
		68C757B42829B85300B76F9E /* PBXTargetDependency */ = {
			isa = PBXTargetDependency;
			target = 68C757A12829B85000B76F9E /* HeadQuest */;
			targetProxy = 68C757B32829B85300B76F9E /* PBXContainerItemProxy */;
		};
		68C757BE2829B85300B76F9E /* PBXTargetDependency */ = {
			isa = PBXTargetDependency;
			target = 68C757A12829B85000B76F9E /* HeadQuest */;
			targetProxy = 68C757BD2829B85300B76F9E /* PBXContainerItemProxy */;
		};
/* End PBXTargetDependency section */

/* Begin XCBuildConfiguration section */
		68C757C42829B85300B76F9E /* Debug */ = {
			isa = XCBuildConfiguration;
			buildSettings = {
				ALWAYS_SEARCH_USER_PATHS = NO;
				CLANG_ANALYZER_NONNULL = YES;
				CLANG_ANALYZER_NUMBER_OBJECT_CONVERSION = YES_AGGRESSIVE;
				CLANG_CXX_LANGUAGE_STANDARD = "gnu++17";
				CLANG_ENABLE_MODULES = YES;
				CLANG_ENABLE_OBJC_ARC = YES;
				CLANG_ENABLE_OBJC_WEAK = YES;
				CLANG_WARN_BLOCK_CAPTURE_AUTORELEASING = YES;
				CLANG_WARN_BOOL_CONVERSION = YES;
				CLANG_WARN_COMMA = YES;
				CLANG_WARN_CONSTANT_CONVERSION = YES;
				CLANG_WARN_DEPRECATED_OBJC_IMPLEMENTATIONS = YES;
				CLANG_WARN_DIRECT_OBJC_ISA_USAGE = YES_ERROR;
				CLANG_WARN_DOCUMENTATION_COMMENTS = YES;
				CLANG_WARN_EMPTY_BODY = YES;
				CLANG_WARN_ENUM_CONVERSION = YES;
				CLANG_WARN_INFINITE_RECURSION = YES;
				CLANG_WARN_INT_CONVERSION = YES;
				CLANG_WARN_NON_LITERAL_NULL_CONVERSION = YES;
				CLANG_WARN_OBJC_IMPLICIT_RETAIN_SELF = YES;
				CLANG_WARN_OBJC_LITERAL_CONVERSION = YES;
				CLANG_WARN_OBJC_ROOT_CLASS = YES_ERROR;
				CLANG_WARN_QUOTED_INCLUDE_IN_FRAMEWORK_HEADER = YES;
				CLANG_WARN_RANGE_LOOP_ANALYSIS = YES;
				CLANG_WARN_STRICT_PROTOTYPES = YES;
				CLANG_WARN_SUSPICIOUS_MOVE = YES;
				CLANG_WARN_UNGUARDED_AVAILABILITY = YES_AGGRESSIVE;
				CLANG_WARN_UNREACHABLE_CODE = YES;
				CLANG_WARN__DUPLICATE_METHOD_MATCH = YES;
				COPY_PHASE_STRIP = NO;
				DEBUG_INFORMATION_FORMAT = dwarf;
				ENABLE_STRICT_OBJC_MSGSEND = YES;
				ENABLE_TESTABILITY = YES;
				GCC_C_LANGUAGE_STANDARD = gnu11;
				GCC_DYNAMIC_NO_PIC = NO;
				GCC_NO_COMMON_BLOCKS = YES;
				GCC_OPTIMIZATION_LEVEL = 0;
				GCC_PREPROCESSOR_DEFINITIONS = (
					"DEBUG=1",
					"$(inherited)",
				);
				GCC_WARN_64_TO_32_BIT_CONVERSION = YES;
				GCC_WARN_ABOUT_RETURN_TYPE = YES_ERROR;
				GCC_WARN_UNDECLARED_SELECTOR = YES;
				GCC_WARN_UNINITIALIZED_AUTOS = YES_AGGRESSIVE;
				GCC_WARN_UNUSED_FUNCTION = YES;
				GCC_WARN_UNUSED_VARIABLE = YES;
				IPHONEOS_DEPLOYMENT_TARGET = 15.4;
				MTL_ENABLE_DEBUG_INFO = INCLUDE_SOURCE;
				MTL_FAST_MATH = YES;
				ONLY_ACTIVE_ARCH = YES;
				SDKROOT = iphoneos;
				SWIFT_ACTIVE_COMPILATION_CONDITIONS = DEBUG;
				SWIFT_OPTIMIZATION_LEVEL = "-Onone";
			};
			name = Debug;
		};
		68C757C52829B85300B76F9E /* Release */ = {
			isa = XCBuildConfiguration;
			buildSettings = {
				ALWAYS_SEARCH_USER_PATHS = NO;
				CLANG_ANALYZER_NONNULL = YES;
				CLANG_ANALYZER_NUMBER_OBJECT_CONVERSION = YES_AGGRESSIVE;
				CLANG_CXX_LANGUAGE_STANDARD = "gnu++17";
				CLANG_ENABLE_MODULES = YES;
				CLANG_ENABLE_OBJC_ARC = YES;
				CLANG_ENABLE_OBJC_WEAK = YES;
				CLANG_WARN_BLOCK_CAPTURE_AUTORELEASING = YES;
				CLANG_WARN_BOOL_CONVERSION = YES;
				CLANG_WARN_COMMA = YES;
				CLANG_WARN_CONSTANT_CONVERSION = YES;
				CLANG_WARN_DEPRECATED_OBJC_IMPLEMENTATIONS = YES;
				CLANG_WARN_DIRECT_OBJC_ISA_USAGE = YES_ERROR;
				CLANG_WARN_DOCUMENTATION_COMMENTS = YES;
				CLANG_WARN_EMPTY_BODY = YES;
				CLANG_WARN_ENUM_CONVERSION = YES;
				CLANG_WARN_INFINITE_RECURSION = YES;
				CLANG_WARN_INT_CONVERSION = YES;
				CLANG_WARN_NON_LITERAL_NULL_CONVERSION = YES;
				CLANG_WARN_OBJC_IMPLICIT_RETAIN_SELF = YES;
				CLANG_WARN_OBJC_LITERAL_CONVERSION = YES;
				CLANG_WARN_OBJC_ROOT_CLASS = YES_ERROR;
				CLANG_WARN_QUOTED_INCLUDE_IN_FRAMEWORK_HEADER = YES;
				CLANG_WARN_RANGE_LOOP_ANALYSIS = YES;
				CLANG_WARN_STRICT_PROTOTYPES = YES;
				CLANG_WARN_SUSPICIOUS_MOVE = YES;
				CLANG_WARN_UNGUARDED_AVAILABILITY = YES_AGGRESSIVE;
				CLANG_WARN_UNREACHABLE_CODE = YES;
				CLANG_WARN__DUPLICATE_METHOD_MATCH = YES;
				COPY_PHASE_STRIP = NO;
				DEBUG_INFORMATION_FORMAT = "dwarf-with-dsym";
				ENABLE_NS_ASSERTIONS = NO;
				ENABLE_STRICT_OBJC_MSGSEND = YES;
				GCC_C_LANGUAGE_STANDARD = gnu11;
				GCC_NO_COMMON_BLOCKS = YES;
				GCC_WARN_64_TO_32_BIT_CONVERSION = YES;
				GCC_WARN_ABOUT_RETURN_TYPE = YES_ERROR;
				GCC_WARN_UNDECLARED_SELECTOR = YES;
				GCC_WARN_UNINITIALIZED_AUTOS = YES_AGGRESSIVE;
				GCC_WARN_UNUSED_FUNCTION = YES;
				GCC_WARN_UNUSED_VARIABLE = YES;
				IPHONEOS_DEPLOYMENT_TARGET = 15.4;
				MTL_ENABLE_DEBUG_INFO = NO;
				MTL_FAST_MATH = YES;
				SDKROOT = iphoneos;
				SWIFT_COMPILATION_MODE = wholemodule;
				SWIFT_OPTIMIZATION_LEVEL = "-O";
				VALIDATE_PRODUCT = YES;
			};
			name = Release;
		};
		68C757C72829B85300B76F9E /* Debug */ = {
			isa = XCBuildConfiguration;
			buildSettings = {
				ASSETCATALOG_COMPILER_APPICON_NAME = AppIcon;
				ASSETCATALOG_COMPILER_GLOBAL_ACCENT_COLOR_NAME = AccentColor;
				CODE_SIGN_ENTITLEMENTS = HeadQuest/HeadQuest.entitlements;
				CODE_SIGN_STYLE = Automatic;
				CURRENT_PROJECT_VERSION = 1;
				DEVELOPMENT_ASSET_PATHS = "\"HeadQuest/Preview Content\"";
				DEVELOPMENT_TEAM = R5QQN58SRF;
				ENABLE_PREVIEWS = YES;
				GENERATE_INFOPLIST_FILE = YES;
				INFOPLIST_FILE = HeadQuest/Info.plist;
				INFOPLIST_KEY_UIApplicationSceneManifest_Generation = YES;
				INFOPLIST_KEY_UIApplicationSupportsIndirectInputEvents = YES;
				INFOPLIST_KEY_UILaunchScreen_Generation = YES;
				INFOPLIST_KEY_UISupportedInterfaceOrientations_iPad = "UIInterfaceOrientationPortrait UIInterfaceOrientationPortraitUpsideDown UIInterfaceOrientationLandscapeLeft UIInterfaceOrientationLandscapeRight";
				INFOPLIST_KEY_UISupportedInterfaceOrientations_iPhone = "UIInterfaceOrientationPortrait UIInterfaceOrientationLandscapeLeft UIInterfaceOrientationLandscapeRight";
				LD_RUNPATH_SEARCH_PATHS = (
					"$(inherited)",
					"@executable_path/Frameworks",
				);
				MARKETING_VERSION = 1.0;
				PRODUCT_BUNDLE_IDENTIFIER = mykola.odnoshyvkin.HeadQuest;
				PRODUCT_NAME = "$(TARGET_NAME)";
				SWIFT_EMIT_LOC_STRINGS = YES;
				SWIFT_VERSION = 5.0;
				TARGETED_DEVICE_FAMILY = "1,2";
			};
			name = Debug;
		};
		68C757C82829B85300B76F9E /* Release */ = {
			isa = XCBuildConfiguration;
			buildSettings = {
				ASSETCATALOG_COMPILER_APPICON_NAME = AppIcon;
				ASSETCATALOG_COMPILER_GLOBAL_ACCENT_COLOR_NAME = AccentColor;
				CODE_SIGN_ENTITLEMENTS = HeadQuest/HeadQuest.entitlements;
				CODE_SIGN_STYLE = Automatic;
				CURRENT_PROJECT_VERSION = 1;
				DEVELOPMENT_ASSET_PATHS = "\"HeadQuest/Preview Content\"";
				DEVELOPMENT_TEAM = R5QQN58SRF;
				ENABLE_PREVIEWS = YES;
				GENERATE_INFOPLIST_FILE = YES;
				INFOPLIST_FILE = HeadQuest/Info.plist;
				INFOPLIST_KEY_UIApplicationSceneManifest_Generation = YES;
				INFOPLIST_KEY_UIApplicationSupportsIndirectInputEvents = YES;
				INFOPLIST_KEY_UILaunchScreen_Generation = YES;
				INFOPLIST_KEY_UISupportedInterfaceOrientations_iPad = "UIInterfaceOrientationPortrait UIInterfaceOrientationPortraitUpsideDown UIInterfaceOrientationLandscapeLeft UIInterfaceOrientationLandscapeRight";
				INFOPLIST_KEY_UISupportedInterfaceOrientations_iPhone = "UIInterfaceOrientationPortrait UIInterfaceOrientationLandscapeLeft UIInterfaceOrientationLandscapeRight";
				LD_RUNPATH_SEARCH_PATHS = (
					"$(inherited)",
					"@executable_path/Frameworks",
				);
				MARKETING_VERSION = 1.0;
				PRODUCT_BUNDLE_IDENTIFIER = mykola.odnoshyvkin.HeadQuest;
				PRODUCT_NAME = "$(TARGET_NAME)";
				SWIFT_EMIT_LOC_STRINGS = YES;
				SWIFT_VERSION = 5.0;
				TARGETED_DEVICE_FAMILY = "1,2";
			};
			name = Release;
		};
		68C757CA2829B85300B76F9E /* Debug */ = {
			isa = XCBuildConfiguration;
			buildSettings = {
				ALWAYS_EMBED_SWIFT_STANDARD_LIBRARIES = YES;
				BUNDLE_LOADER = "$(TEST_HOST)";
				CODE_SIGN_STYLE = Automatic;
				CURRENT_PROJECT_VERSION = 1;
				DEVELOPMENT_TEAM = R5QQN58SRF;
				GENERATE_INFOPLIST_FILE = YES;
				IPHONEOS_DEPLOYMENT_TARGET = 15.4;
				MARKETING_VERSION = 1.0;
				PRODUCT_BUNDLE_IDENTIFIER = mykola.odnoshyvkin.HeadQuestTests;
				PRODUCT_NAME = "$(TARGET_NAME)";
				SWIFT_EMIT_LOC_STRINGS = NO;
				SWIFT_VERSION = 5.0;
				TARGETED_DEVICE_FAMILY = "1,2";
				TEST_HOST = "$(BUILT_PRODUCTS_DIR)/HeadQuest.app/HeadQuest";
			};
			name = Debug;
		};
		68C757CB2829B85300B76F9E /* Release */ = {
			isa = XCBuildConfiguration;
			buildSettings = {
				ALWAYS_EMBED_SWIFT_STANDARD_LIBRARIES = YES;
				BUNDLE_LOADER = "$(TEST_HOST)";
				CODE_SIGN_STYLE = Automatic;
				CURRENT_PROJECT_VERSION = 1;
				DEVELOPMENT_TEAM = R5QQN58SRF;
				GENERATE_INFOPLIST_FILE = YES;
				IPHONEOS_DEPLOYMENT_TARGET = 15.4;
				MARKETING_VERSION = 1.0;
				PRODUCT_BUNDLE_IDENTIFIER = mykola.odnoshyvkin.HeadQuestTests;
				PRODUCT_NAME = "$(TARGET_NAME)";
				SWIFT_EMIT_LOC_STRINGS = NO;
				SWIFT_VERSION = 5.0;
				TARGETED_DEVICE_FAMILY = "1,2";
				TEST_HOST = "$(BUILT_PRODUCTS_DIR)/HeadQuest.app/HeadQuest";
			};
			name = Release;
		};
		68C757CD2829B85300B76F9E /* Debug */ = {
			isa = XCBuildConfiguration;
			buildSettings = {
				ALWAYS_EMBED_SWIFT_STANDARD_LIBRARIES = YES;
				CODE_SIGN_STYLE = Automatic;
				CURRENT_PROJECT_VERSION = 1;
				DEVELOPMENT_TEAM = R5QQN58SRF;
				GENERATE_INFOPLIST_FILE = YES;
				MARKETING_VERSION = 1.0;
				PRODUCT_BUNDLE_IDENTIFIER = mykola.odnoshyvkin.HeadQuestUITests;
				PRODUCT_NAME = "$(TARGET_NAME)";
				SWIFT_EMIT_LOC_STRINGS = NO;
				SWIFT_VERSION = 5.0;
				TARGETED_DEVICE_FAMILY = "1,2";
				TEST_TARGET_NAME = HeadQuest;
			};
			name = Debug;
		};
		68C757CE2829B85300B76F9E /* Release */ = {
			isa = XCBuildConfiguration;
			buildSettings = {
				ALWAYS_EMBED_SWIFT_STANDARD_LIBRARIES = YES;
				CODE_SIGN_STYLE = Automatic;
				CURRENT_PROJECT_VERSION = 1;
				DEVELOPMENT_TEAM = R5QQN58SRF;
				GENERATE_INFOPLIST_FILE = YES;
				MARKETING_VERSION = 1.0;
				PRODUCT_BUNDLE_IDENTIFIER = mykola.odnoshyvkin.HeadQuestUITests;
				PRODUCT_NAME = "$(TARGET_NAME)";
				SWIFT_EMIT_LOC_STRINGS = NO;
				SWIFT_VERSION = 5.0;
				TARGETED_DEVICE_FAMILY = "1,2";
				TEST_TARGET_NAME = HeadQuest;
			};
			name = Release;
		};
/* End XCBuildConfiguration section */

/* Begin XCConfigurationList section */
		68C7579D2829B85000B76F9E /* Build configuration list for PBXProject "HeadQuest" */ = {
			isa = XCConfigurationList;
			buildConfigurations = (
				68C757C42829B85300B76F9E /* Debug */,
				68C757C52829B85300B76F9E /* Release */,
			);
			defaultConfigurationIsVisible = 0;
			defaultConfigurationName = Release;
		};
		68C757C62829B85300B76F9E /* Build configuration list for PBXNativeTarget "HeadQuest" */ = {
			isa = XCConfigurationList;
			buildConfigurations = (
				68C757C72829B85300B76F9E /* Debug */,
				68C757C82829B85300B76F9E /* Release */,
			);
			defaultConfigurationIsVisible = 0;
			defaultConfigurationName = Release;
		};
		68C757C92829B85300B76F9E /* Build configuration list for PBXNativeTarget "HeadQuestTests" */ = {
			isa = XCConfigurationList;
			buildConfigurations = (
				68C757CA2829B85300B76F9E /* Debug */,
				68C757CB2829B85300B76F9E /* Release */,
			);
			defaultConfigurationIsVisible = 0;
			defaultConfigurationName = Release;
		};
		68C757CC2829B85300B76F9E /* Build configuration list for PBXNativeTarget "HeadQuestUITests" */ = {
			isa = XCConfigurationList;
			buildConfigurations = (
				68C757CD2829B85300B76F9E /* Debug */,
				68C757CE2829B85300B76F9E /* Release */,
			);
			defaultConfigurationIsVisible = 0;
			defaultConfigurationName = Release;
		};
/* End XCConfigurationList section */

/* Begin XCRemoteSwiftPackageReference section */
		68A25B952882FC8300884BB1 /* XCRemoteSwiftPackageReference "SwiftGraph" */ = {
			isa = XCRemoteSwiftPackageReference;
			repositoryURL = "https://github.com/davecom/SwiftGraph.git";
			requirement = {
				kind = upToNextMajorVersion;
				minimumVersion = 3.0.0;
			};
		};
/* End XCRemoteSwiftPackageReference section */

/* Begin XCSwiftPackageProductDependency section */
		68A25B962882FC8300884BB1 /* SwiftGraph */ = {
			isa = XCSwiftPackageProductDependency;
			package = 68A25B952882FC8300884BB1 /* XCRemoteSwiftPackageReference "SwiftGraph" */;
			productName = SwiftGraph;
		};
/* End XCSwiftPackageProductDependency section */
	};
	rootObject = 68C7579A2829B85000B76F9E /* Project object */;
}
